PODS:
  - Flutter (1.0.0)
  - flutter_radio (0.0.1):
    - Flutter

DEPENDENCIES:
  - Flutter (from `Flutter`)
  - flutter_radio (from `.symlinks/plugins/flutter_radio/ios`)

EXTERNAL SOURCES:
  Flutter:
    :path: Flutter
  flutter_radio:
    :path: ".symlinks/plugins/flutter_radio/ios"

SPEC CHECKSUMS:
  Flutter: 434fef37c0980e73bb6479ef766c45957d4b510c
  flutter_radio: 852f82f0ecb1ea21ce24bc3724e95196c6c7c936

PODFILE CHECKSUM: aafe91acc616949ddb318b77800a7f51bffa2a4c

COCOAPODS: 1.10.1
